
Microsoft Visual Studio Solution File, Format Version 12.00
# Visual Studio Version 16
VisualStudioVersion = 16.0.31515.178
MinimumVisualStudioVersion = 10.0.40219.1
Project("{9A19103F-16F7-4668-BE54-9A1E7A4F7556}") = "ChessGame", "ChessGame.csproj", "{5F08D85C-1836-4D9D-A979-88F5F079880A}"
EndProject
Global
	GlobalSection(SolutionConfigurationPlatforms) = preSolution
		Debug|Any CPU = Debug|Any CPU
		Release|Any CPU = Release|Any CPU
	EndGlobalSection
	GlobalSection(ProjectConfigurationPlatforms) = postSolution
		{5F08D85C-1836-4D9D-A979-88F5F079880A}.Debug|Any CPU.ActiveCfg = Debug|Any CPU
		{5F08D85C-1836-4D9D-A979-88F5F079880A}.Debug|Any CPU.Build.0 = Debug|Any CPU
		{5F08D85C-1836-4D9D-A979-88F5F079880A}.Release|Any CPU.ActiveCfg = Release|Any CPU
		{5F08D85C-1836-4D9D-A979-88F5F079880A}.Release|Any CPU.Build.0 = Release|Any CPU
	EndGlobalSection
	GlobalSection(SolutionProperties) = preSolution
		HideSolutionNode = FALSE
	EndGlobalSection
	GlobalSection(ExtensibilityGlobals) = postSolution
		SolutionGuid = {C472B3A6-726E-48CA-BF29-9C62290E4D2D}
	EndGlobalSection
EndGlobal
